
Microsoft Visual Studio Solution File, Format Version 12.00
# Visual Studio Version 17
VisualStudioVersion = 17.9.34728.123
MinimumVisualStudioVersion = 10.0.40219.1
Project("{FAE04EC0-301F-11D3-BF4B-00C04F79EFBC}") = "CRUDUsingADO", "CRUDUsingADO\CRUDUsingADO.csproj", "{08F00545-F2C4-41DF-A6D9-1C97DF6A7DDC}"
EndProject
Global
	GlobalSection(SolutionConfigurationPlatforms) = preSolution
		Debug|Any CPU = Debug|Any CPU
		Release|Any CPU = Release|Any CPU
	EndGlobalSection
	GlobalSection(ProjectConfigurationPlatforms) = postSolution
		{08F00545-F2C4-41DF-A6D9-1C97DF6A7DDC}.Debug|Any CPU.ActiveCfg = Debug|Any CPU
		{08F00545-F2C4-41DF-A6D9-1C97DF6A7DDC}.Debug|Any CPU.Build.0 = Debug|Any CPU
		{08F00545-F2C4-41DF-A6D9-1C97DF6A7DDC}.Release|Any CPU.ActiveCfg = Release|Any CPU
		{08F00545-F2C4-41DF-A6D9-1C97DF6A7DDC}.Release|Any CPU.Build.0 = Release|Any CPU
	EndGlobalSection
	GlobalSection(SolutionProperties) = preSolution
		HideSolutionNode = FALSE
	EndGlobalSection
	GlobalSection(ExtensibilityGlobals) = postSolution
		SolutionGuid = {1B3371D7-091D-4657-9651-34E683E5706E}
	EndGlobalSection
EndGlobal
